// !$*UTF8*$!
{
	archiveVersion = 1;
	classes = {
	};
	objectVersion = 56;
	objects = {

/* Begin PBXBuildFile section */
		EEB90F042B9F6AE400EF0C58 /* programmaticViewApp.swift in Sources */ = {isa = PBXBuildFile; fileRef = EEB90F032B9F6AE400EF0C58 /* programmaticViewApp.swift */; };
		EEB90F062B9F6AE400EF0C58 /* ContentView.swift in Sources */ = {isa = PBXBuildFile; fileRef = EEB90F052B9F6AE400EF0C58 /* ContentView.swift */; };
		EEB90F082B9F6AE500EF0C58 /* Assets.xcassets in Resources */ = {isa = PBXBuildFile; fileRef = EEB90F072B9F6AE500EF0C58 /* Assets.xcassets */; };
		EEB90F0B2B9F6AE500EF0C58 /* Preview Assets.xcassets in Resources */ = {isa = PBXBuildFile; fileRef = EEB90F0A2B9F6AE500EF0C58 /* Preview Assets.xcassets */; };
		EEB90F152B9F6AE500EF0C58 /* programmaticViewTests.swift in Sources */ = {isa = PBXBuildFile; fileRef = EEB90F142B9F6AE500EF0C58 /* programmaticViewTests.swift */; };
		EEB90F1F2B9F6AE500EF0C58 /* programmaticViewUITests.swift in Sources */ = {isa = PBXBuildFile; fileRef = EEB90F1E2B9F6AE500EF0C58 /* programmaticViewUITests.swift */; };
		EEB90F212B9F6AE500EF0C58 /* programmaticViewUITestsLaunchTests.swift in Sources */ = {isa = PBXBuildFile; fileRef = EEB90F202B9F6AE500EF0C58 /* programmaticViewUITestsLaunchTests.swift */; };
/* End PBXBuildFile section */

/* Begin PBXContainerItemProxy section */
		EEB90F112B9F6AE500EF0C58 /* PBXContainerItemProxy */ = {
			isa = PBXContainerItemProxy;
			containerPortal = EEB90EF82B9F6AE400EF0C58 /* Project object */;
			proxyType = 1;
			remoteGlobalIDString = EEB90EFF2B9F6AE400EF0C58;
			remoteInfo = programmaticView;
		};
		EEB90F1B2B9F6AE500EF0C58 /* PBXContainerItemProxy */ = {
			isa = PBXContainerItemProxy;
			containerPortal = EEB90EF82B9F6AE400EF0C58 /* Project object */;
			proxyType = 1;
			remoteGlobalIDString = EEB90EFF2B9F6AE400EF0C58;
			remoteInfo = programmaticView;
		};
/* End PBXContainerItemProxy section */

/* Begin PBXFileReference section */
		EEB90F002B9F6AE400EF0C58 /* programmaticView.app */ = {isa = PBXFileReference; explicitFileType = wrapper.application; includeInIndex = 0; path = programmaticView.app; sourceTree = BUILT_PRODUCTS_DIR; };
		EEB90F032B9F6AE400EF0C58 /* programmaticViewApp.swift */ = {isa = PBXFileReference; lastKnownFileType = sourcecode.swift; path = programmaticViewApp.swift; sourceTree = "<group>"; };
		EEB90F052B9F6AE400EF0C58 /* ContentView.swift */ = {isa = PBXFileReference; lastKnownFileType = sourcecode.swift; path = ContentView.swift; sourceTree = "<group>"; };
		EEB90F072B9F6AE500EF0C58 /* Assets.xcassets */ = {isa = PBXFileReference; lastKnownFileType = folder.assetcatalog; path = Assets.xcassets; sourceTree = "<group>"; };
		EEB90F0A2B9F6AE500EF0C58 /* Preview Assets.xcassets */ = {isa = PBXFileReference; lastKnownFileType = folder.assetcatalog; path = "Preview Assets.xcassets"; sourceTree = "<group>"; };
		EEB90F102B9F6AE500EF0C58 /* programmaticViewTests.xctest */ = {isa = PBXFileReference; explicitFileType = wrapper.cfbundle; includeInIndex = 0; path = programmaticViewTests.xctest; sourceTree = BUILT_PRODUCTS_DIR; };
		EEB90F142B9F6AE500EF0C58 /* programmaticViewTests.swift */ = {isa = PBXFileReference; lastKnownFileType = sourcecode.swift; path = programmaticViewTests.swift; sourceTree = "<group>"; };
		EEB90F1A2B9F6AE500EF0C58 /* programmaticViewUITests.xctest */ = {isa = PBXFileReference; explicitFileType = wrapper.cfbundle; includeInIndex = 0; path = programmaticViewUITests.xctest; sourceTree = BUILT_PRODUCTS_DIR; };
		EEB90F1E2B9F6AE500EF0C58 /* programmaticViewUITests.swift */ = {isa = PBXFileReference; lastKnownFileType = sourcecode.swift; path = programmaticViewUITests.swift; sourceTree = "<group>"; };
		EEB90F202B9F6AE500EF0C58 /* programmaticViewUITestsLaunchTests.swift */ = {isa = PBXFileReference; lastKnownFileType = sourcecode.swift; path = programmaticViewUITestsLaunchTests.swift; sourceTree = "<group>"; };
/* End PBXFileReference section */

/* Begin PBXFrameworksBuildPhase section */
		EEB90EFD2B9F6AE400EF0C58 /* Frameworks */ = {
			isa = PBXFrameworksBuildPhase;
			buildActionMask = 2147483647;
			files = (
			);
			runOnlyForDeploymentPostprocessing = 0;
		};
		EEB90F0D2B9F6AE500EF0C58 /* Frameworks */ = {
			isa = PBXFrameworksBuildPhase;
			buildActionMask = 2147483647;
			files = (
			);
			runOnlyForDeploymentPostprocessing = 0;
		};
		EEB90F172B9F6AE500EF0C58 /* Frameworks */ = {
			isa = PBXFrameworksBuildPhase;
			buildActionMask = 2147483647;
			files = (
			);
			runOnlyForDeploymentPostprocessing = 0;
		};
/* End PBXFrameworksBuildPhase section */

/* Begin PBXGroup section */
		EEB90EF72B9F6AE400EF0C58 = {
			isa = PBXGroup;
			children = (
				EEB90F022B9F6AE400EF0C58 /* programmaticView */,
				EEB90F132B9F6AE500EF0C58 /* programmaticViewTests */,
				EEB90F1D2B9F6AE500EF0C58 /* programmaticViewUITests */,
				EEB90F012B9F6AE400EF0C58 /* Products */,
			);
			sourceTree = "<group>";
		};
		EEB90F012B9F6AE400EF0C58 /* Products */ = {
			isa = PBXGroup;
			children = (
				EEB90F002B9F6AE400EF0C58 /* programmaticView.app */,
				EEB90F102B9F6AE500EF0C58 /* programmaticViewTests.xctest */,
				EEB90F1A2B9F6AE500EF0C58 /* programmaticViewUITests.xctest */,
			);
			name = Products;
			sourceTree = "<group>";
		};
		EEB90F022B9F6AE400EF0C58 /* programmaticView */ = {
			isa = PBXGroup;
			children = (
				EEB90F032B9F6AE400EF0C58 /* programmaticViewApp.swift */,
				EEB90F052B9F6AE400EF0C58 /* ContentView.swift */,
				EEB90F072B9F6AE500EF0C58 /* Assets.xcassets */,
				EEB90F092B9F6AE500EF0C58 /* Preview Content */,
			);
			path = programmaticView;
			sourceTree = "<group>";
		};
		EEB90F092B9F6AE500EF0C58 /* Preview Content */ = {
			isa = PBXGroup;
			children = (
				EEB90F0A2B9F6AE500EF0C58 /* Preview Assets.xcassets */,
			);
			path = "Preview Content";
			sourceTree = "<group>";
		};
		EEB90F132B9F6AE500EF0C58 /* programmaticViewTests */ = {
			isa = PBXGroup;
			children = (
				EEB90F142B9F6AE500EF0C58 /* programmaticViewTests.swift */,
			);
			path = programmaticViewTests;
			sourceTree = "<group>";
		};
		EEB90F1D2B9F6AE500EF0C58 /* programmaticViewUITests */ = {
			isa = PBXGroup;
			children = (
				EEB90F1E2B9F6AE500EF0C58 /* programmaticViewUITests.swift */,
				EEB90F202B9F6AE500EF0C58 /* programmaticViewUITestsLaunchTests.swift */,
			);
			path = programmaticViewUITests;
			sourceTree = "<group>";
		};
/* End PBXGroup section */

/* Begin PBXNativeTarget section */
		EEB90EFF2B9F6AE400EF0C58 /* programmaticView */ = {
			isa = PBXNativeTarget;
			buildConfigurationList = EEB90F242B9F6AE500EF0C58 /* Build configuration list for PBXNativeTarget "programmaticView" */;
			buildPhases = (
				EEB90EFC2B9F6AE400EF0C58 /* Sources */,
				EEB90EFD2B9F6AE400EF0C58 /* Frameworks */,
				EEB90EFE2B9F6AE400EF0C58 /* Resources */,
			);
			buildRules = (
			);
			dependencies = (
			);
			name = programmaticView;
			productName = programmaticView;
			productReference = EEB90F002B9F6AE400EF0C58 /* programmaticView.app */;
			productType = "com.apple.product-type.application";
		};
		EEB90F0F2B9F6AE500EF0C58 /* programmaticViewTests */ = {
			isa = PBXNativeTarget;
			buildConfigurationList = EEB90F272B9F6AE500EF0C58 /* Build configuration list for PBXNativeTarget "programmaticViewTests" */;
			buildPhases = (
				EEB90F0C2B9F6AE500EF0C58 /* Sources */,
				EEB90F0D2B9F6AE500EF0C58 /* Frameworks */,
				EEB90F0E2B9F6AE500EF0C58 /* Resources */,
			);
			buildRules = (
			);
			dependencies = (
				EEB90F122B9F6AE500EF0C58 /* PBXTargetDependency */,
			);
			name = programmaticViewTests;
			productName = programmaticViewTests;
			productReference = EEB90F102B9F6AE500EF0C58 /* programmaticViewTests.xctest */;
			productType = "com.apple.product-type.bundle.unit-test";
		};
		EEB90F192B9F6AE500EF0C58 /* programmaticViewUITests */ = {
			isa = PBXNativeTarget;
			buildConfigurationList = EEB90F2A2B9F6AE500EF0C58 /* Build configuration list for PBXNativeTarget "programmaticViewUITests" */;
			buildPhases = (
				EEB90F162B9F6AE500EF0C58 /* Sources */,
				EEB90F172B9F6AE500EF0C58 /* Frameworks */,
				EEB90F182B9F6AE500EF0C58 /* Resources */,
			);
			buildRules = (
			);
			dependencies = (
				EEB90F1C2B9F6AE500EF0C58 /* PBXTargetDependency */,
			);
			name = programmaticViewUITests;
			productName = programmaticViewUITests;
			productReference = EEB90F1A2B9F6AE500EF0C58 /* programmaticViewUITests.xctest */;
			productType = "com.apple.product-type.bundle.ui-testing";
		};
/* End PBXNativeTarget section */

/* Begin PBXProject section */
		EEB90EF82B9F6AE400EF0C58 /* Project object */ = {
			isa = PBXProject;
			attributes = {
				BuildIndependentTargetsInParallel = 1;
				LastSwiftUpdateCheck = 1520;
				LastUpgradeCheck = 1520;
				TargetAttributes = {
					EEB90EFF2B9F6AE400EF0C58 = {
						CreatedOnToolsVersion = 15.2;
					};
					EEB90F0F2B9F6AE500EF0C58 = {
						CreatedOnToolsVersion = 15.2;
						TestTargetID = EEB90EFF2B9F6AE400EF0C58;
					};
					EEB90F192B9F6AE500EF0C58 = {
						CreatedOnToolsVersion = 15.2;
						TestTargetID = EEB90EFF2B9F6AE400EF0C58;
					};
				};
			};
			buildConfigurationList = EEB90EFB2B9F6AE400EF0C58 /* Build configuration list for PBXProject "programmaticView" */;
			compatibilityVersion = "Xcode 14.0";
			developmentRegion = en;
			hasScannedForEncodings = 0;
			knownRegions = (
				en,
				Base,
			);
			mainGroup = EEB90EF72B9F6AE400EF0C58;
			productRefGroup = EEB90F012B9F6AE400EF0C58 /* Products */;
			projectDirPath = "";
			projectRoot = "";
			targets = (
				EEB90EFF2B9F6AE400EF0C58 /* programmaticView */,
				EEB90F0F2B9F6AE500EF0C58 /* programmaticViewTests */,
				EEB90F192B9F6AE500EF0C58 /* programmaticViewUITests */,
			);
		};
/* End PBXProject section */

/* Begin PBXResourcesBuildPhase section */
		EEB90EFE2B9F6AE400EF0C58 /* Resources */ = {
			isa = PBXResourcesBuildPhase;
			buildActionMask = 2147483647;
			files = (
				EEB90F0B2B9F6AE500EF0C58 /* Preview Assets.xcassets in Resources */,
				EEB90F082B9F6AE500EF0C58 /* Assets.xcassets in Resources */,
			);
			runOnlyForDeploymentPostprocessing = 0;
		};
		EEB90F0E2B9F6AE500EF0C58 /* Resources */ = {
			isa = PBXResourcesBuildPhase;
			buildActionMask = 2147483647;
			files = (
			);
			runOnlyForDeploymentPostprocessing = 0;
		};
		EEB90F182B9F6AE500EF0C58 /* Resources */ = {
			isa = PBXResourcesBuildPhase;
			buildActionMask = 2147483647;
			files = (
			);
			runOnlyForDeploymentPostprocessing = 0;
		};
/* End PBXResourcesBuildPhase section */

/* Begin PBXSourcesBuildPhase section */
		EEB90EFC2B9F6AE400EF0C58 /* Sources */ = {
			isa = PBXSourcesBuildPhase;
			buildActionMask = 2147483647;
			files = (
				EEB90F062B9F6AE400EF0C58 /* ContentView.swift in Sources */,
				EEB90F042B9F6AE400EF0C58 /* programmaticViewApp.swift in Sources */,
			);
			runOnlyForDeploymentPostprocessing = 0;
		};
		EEB90F0C2B9F6AE500EF0C58 /* Sources */ = {
			isa = PBXSourcesBuildPhase;
			buildActionMask = 2147483647;
			files = (
				EEB90F152B9F6AE500EF0C58 /* programmaticViewTests.swift in Sources */,
			);
			runOnlyForDeploymentPostprocessing = 0;
		};
		EEB90F162B9F6AE500EF0C58 /* Sources */ = {
			isa = PBXSourcesBuildPhase;
			buildActionMask = 2147483647;
			files = (
				EEB90F1F2B9F6AE500EF0C58 /* programmaticViewUITests.swift in Sources */,
				EEB90F212B9F6AE500EF0C58 /* programmaticViewUITestsLaunchTests.swift in Sources */,
			);
			runOnlyForDeploymentPostprocessing = 0;
		};
/* End PBXSourcesBuildPhase section */

/* Begin PBXTargetDependency section */
		EEB90F122B9F6AE500EF0C58 /* PBXTargetDependency */ = {
			isa = PBXTargetDependency;
			target = EEB90EFF2B9F6AE400EF0C58 /* programmaticView */;
			targetProxy = EEB90F112B9F6AE500EF0C58 /* PBXContainerItemProxy */;
		};
		EEB90F1C2B9F6AE500EF0C58 /* PBXTargetDependency */ = {
			isa = PBXTargetDependency;
			target = EEB90EFF2B9F6AE400EF0C58 /* programmaticView */;
			targetProxy = EEB90F1B2B9F6AE500EF0C58 /* PBXContainerItemProxy */;
		};
/* End PBXTargetDependency section */

/* Begin XCBuildConfiguration section */
		EEB90F222B9F6AE500EF0C58 /* Debug */ = {
			isa = XCBuildConfiguration;
			buildSettings = {
				ALWAYS_SEARCH_USER_PATHS = NO;
				ASSETCATALOG_COMPILER_GENERATE_SWIFT_ASSET_SYMBOL_EXTENSIONS = YES;
				CLANG_ANALYZER_NONNULL = YES;
				CLANG_ANALYZER_NUMBER_OBJECT_CONVERSION = YES_AGGRESSIVE;
				CLANG_CXX_LANGUAGE_STANDARD = "gnu++20";
				CLANG_ENABLE_MODULES = YES;
				CLANG_ENABLE_OBJC_ARC = YES;
				CLANG_ENABLE_OBJC_WEAK = YES;
				CLANG_WARN_BLOCK_CAPTURE_AUTORELEASING = YES;
				CLANG_WARN_BOOL_CONVERSION = YES;
				CLANG_WARN_COMMA = YES;
				CLANG_WARN_CONSTANT_CONVERSION = YES;
				CLANG_WARN_DEPRECATED_OBJC_IMPLEMENTATIONS = YES;
				CLANG_WARN_DIRECT_OBJC_ISA_USAGE = YES_ERROR;
				CLANG_WARN_DOCUMENTATION_COMMENTS = YES;
				CLANG_WARN_EMPTY_BODY = YES;
				CLANG_WARN_ENUM_CONVERSION = YES;
				CLANG_WARN_INFINITE_RECURSION = YES;
				CLANG_WARN_INT_CONVERSION = YES;
				CLANG_WARN_NON_LITERAL_NULL_CONVERSION = YES;
				CLANG_WARN_OBJC_IMPLICIT_RETAIN_SELF = YES;
				CLANG_WARN_OBJC_LITERAL_CONVERSION = YES;
				CLANG_WARN_OBJC_ROOT_CLASS = YES_ERROR;
				CLANG_WARN_QUOTED_INCLUDE_IN_FRAMEWORK_HEADER = YES;
				CLANG_WARN_RANGE_LOOP_ANALYSIS = YES;
				CLANG_WARN_STRICT_PROTOTYPES = YES;
				CLANG_WARN_SUSPICIOUS_MOVE = YES;
				CLANG_WARN_UNGUARDED_AVAILABILITY = YES_AGGRESSIVE;
				CLANG_WARN_UNREACHABLE_CODE = YES;
				CLANG_WARN__DUPLICATE_METHOD_MATCH = YES;
				COPY_PHASE_STRIP = NO;
				DEBUG_INFORMATION_FORMAT = dwarf;
				ENABLE_STRICT_OBJC_MSGSEND = YES;
				ENABLE_TESTABILITY = YES;
				ENABLE_USER_SCRIPT_SANDBOXING = YES;
				GCC_C_LANGUAGE_STANDARD = gnu17;
				GCC_DYNAMIC_NO_PIC = NO;
				GCC_NO_COMMON_BLOCKS = YES;
				GCC_OPTIMIZATION_LEVEL = 0;
				GCC_PREPROCESSOR_DEFINITIONS = (
					"DEBUG=1",
					"$(inherited)",
				);
				GCC_WARN_64_TO_32_BIT_CONVERSION = YES;
				GCC_WARN_ABOUT_RETURN_TYPE = YES_ERROR;
				GCC_WARN_UNDECLARED_SELECTOR = YES;
				GCC_WARN_UNINITIALIZED_AUTOS = YES_AGGRESSIVE;
				GCC_WARN_UNUSED_FUNCTION = YES;
				GCC_WARN_UNUSED_VARIABLE = YES;
				IPHONEOS_DEPLOYMENT_TARGET = 17.2;
				LOCALIZATION_PREFERS_STRING_CATALOGS = YES;
				MTL_ENABLE_DEBUG_INFO = INCLUDE_SOURCE;
				MTL_FAST_MATH = YES;
				ONLY_ACTIVE_ARCH = YES;
				SDKROOT = iphoneos;
				SWIFT_ACTIVE_COMPILATION_CONDITIONS = "DEBUG $(inherited)";
				SWIFT_OPTIMIZATION_LEVEL = "-Onone";
			};
			name = Debug;
		};
		EEB90F232B9F6AE500EF0C58 /* Release */ = {
			isa = XCBuildConfiguration;
			buildSettings = {
				ALWAYS_SEARCH_USER_PATHS = NO;
				ASSETCATALOG_COMPILER_GENERATE_SWIFT_ASSET_SYMBOL_EXTENSIONS = YES;
				CLANG_ANALYZER_NONNULL = YES;
				CLANG_ANALYZER_NUMBER_OBJECT_CONVERSION = YES_AGGRESSIVE;
				CLANG_CXX_LANGUAGE_STANDARD = "gnu++20";
				CLANG_ENABLE_MODULES = YES;
				CLANG_ENABLE_OBJC_ARC = YES;
				CLANG_ENABLE_OBJC_WEAK = YES;
				CLANG_WARN_BLOCK_CAPTURE_AUTORELEASING = YES;
				CLANG_WARN_BOOL_CONVERSION = YES;
				CLANG_WARN_COMMA = YES;
				CLANG_WARN_CONSTANT_CONVERSION = YES;
				CLANG_WARN_DEPRECATED_OBJC_IMPLEMENTATIONS = YES;
				CLANG_WARN_DIRECT_OBJC_ISA_USAGE = YES_ERROR;
				CLANG_WARN_DOCUMENTATION_COMMENTS = YES;
				CLANG_WARN_EMPTY_BODY = YES;
				CLANG_WARN_ENUM_CONVERSION = YES;
				CLANG_WARN_INFINITE_RECURSION = YES;
				CLANG_WARN_INT_CONVERSION = YES;
				CLANG_WARN_NON_LITERAL_NULL_CONVERSION = YES;
				CLANG_WARN_OBJC_IMPLICIT_RETAIN_SELF = YES;
				CLANG_WARN_OBJC_LITERAL_CONVERSION = YES;
				CLANG_WARN_OBJC_ROOT_CLASS = YES_ERROR;
				CLANG_WARN_QUOTED_INCLUDE_IN_FRAMEWORK_HEADER = YES;
				CLANG_WARN_RANGE_LOOP_ANALYSIS = YES;
				CLANG_WARN_STRICT_PROTOTYPES = YES;
				CLANG_WARN_SUSPICIOUS_MOVE = YES;
				CLANG_WARN_UNGUARDED_AVAILABILITY = YES_AGGRESSIVE;
				CLANG_WARN_UNREACHABLE_CODE = YES;
				CLANG_WARN__DUPLICATE_METHOD_MATCH = YES;
				COPY_PHASE_STRIP = NO;
				DEBUG_INFORMATION_FORMAT = "dwarf-with-dsym";
				ENABLE_NS_ASSERTIONS = NO;
				ENABLE_STRICT_OBJC_MSGSEND = YES;
				ENABLE_USER_SCRIPT_SANDBOXING = YES;
				GCC_C_LANGUAGE_STANDARD = gnu17;
				GCC_NO_COMMON_BLOCKS = YES;
				GCC_WARN_64_TO_32_BIT_CONVERSION = YES;
				GCC_WARN_ABOUT_RETURN_TYPE = YES_ERROR;
				GCC_WARN_UNDECLARED_SELECTOR = YES;
				GCC_WARN_UNINITIALIZED_AUTOS = YES_AGGRESSIVE;
				GCC_WARN_UNUSED_FUNCTION = YES;
				GCC_WARN_UNUSED_VARIABLE = YES;
				IPHONEOS_DEPLOYMENT_TARGET = 17.2;
				LOCALIZATION_PREFERS_STRING_CATALOGS = YES;
				MTL_ENABLE_DEBUG_INFO = NO;
				MTL_FAST_MATH = YES;
				SDKROOT = iphoneos;
				SWIFT_COMPILATION_MODE = wholemodule;
				VALIDATE_PRODUCT = YES;
			};
			name = Release;
		};
		EEB90F252B9F6AE500EF0C58 /* Debug */ = {
			isa = XCBuildConfiguration;
			buildSettings = {
				ASSETCATALOG_COMPILER_APPICON_NAME = AppIcon;
				ASSETCATALOG_COMPILER_GLOBAL_ACCENT_COLOR_NAME = AccentColor;
				CODE_SIGN_STYLE = Automatic;
				CURRENT_PROJECT_VERSION = 1;
				DEVELOPMENT_ASSET_PATHS = "\"programmaticView/Preview Content\"";
				ENABLE_PREVIEWS = YES;
				GENERATE_INFOPLIST_FILE = YES;
				INFOPLIST_KEY_UIApplicationSceneManifest_Generation = YES;
				INFOPLIST_KEY_UIApplicationSupportsIndirectInputEvents = YES;
				INFOPLIST_KEY_UILaunchScreen_Generation = YES;
				INFOPLIST_KEY_UISupportedInterfaceOrientations_iPad = "UIInterfaceOrientationPortrait UIInterfaceOrientationPortraitUpsideDown UIInterfaceOrientationLandscapeLeft UIInterfaceOrientationLandscapeRight";
				INFOPLIST_KEY_UISupportedInterfaceOrientations_iPhone = "UIInterfaceOrientationPortrait UIInterfaceOrientationLandscapeLeft UIInterfaceOrientationLandscapeRight";
				LD_RUNPATH_SEARCH_PATHS = (
					"$(inherited)",
					"@executable_path/Frameworks",
				);
				MARKETING_VERSION = 1.0;
				PRODUCT_BUNDLE_IDENTIFIER = com.SchuylerWinn.programmaticView;
				PRODUCT_NAME = "$(TARGET_NAME)";
				SWIFT_EMIT_LOC_STRINGS = YES;
				SWIFT_VERSION = 5.0;
				TARGETED_DEVICE_FAMILY = "1,2";
			};
			name = Debug;
		};
		EEB90F262B9F6AE500EF0C58 /* Release */ = {
			isa = XCBuildConfiguration;
			buildSettings = {
				ASSETCATALOG_COMPILER_APPICON_NAME = AppIcon;
				ASSETCATALOG_COMPILER_GLOBAL_ACCENT_COLOR_NAME = AccentColor;
				CODE_SIGN_STYLE = Automatic;
				CURRENT_PROJECT_VERSION = 1;
				DEVELOPMENT_ASSET_PATHS = "\"programmaticView/Preview Content\"";
				ENABLE_PREVIEWS = YES;
				GENERATE_INFOPLIST_FILE = YES;
				INFOPLIST_KEY_UIApplicationSceneManifest_Generation = YES;
				INFOPLIST_KEY_UIApplicationSupportsIndirectInputEvents = YES;
				INFOPLIST_KEY_UILaunchScreen_Generation = YES;
				INFOPLIST_KEY_UISupportedInterfaceOrientations_iPad = "UIInterfaceOrientationPortrait UIInterfaceOrientationPortraitUpsideDown UIInterfaceOrientationLandscapeLeft UIInterfaceOrientationLandscapeRight";
				INFOPLIST_KEY_UISupportedInterfaceOrientations_iPhone = "UIInterfaceOrientationPortrait UIInterfaceOrientationLandscapeLeft UIInterfaceOrientationLandscapeRight";
				LD_RUNPATH_SEARCH_PATHS = (
					"$(inherited)",
					"@executable_path/Frameworks",
				);
				MARKETING_VERSION = 1.0;
				PRODUCT_BUNDLE_IDENTIFIER = com.SchuylerWinn.programmaticView;
				PRODUCT_NAME = "$(TARGET_NAME)";
				SWIFT_EMIT_LOC_STRINGS = YES;
				SWIFT_VERSION = 5.0;
				TARGETED_DEVICE_FAMILY = "1,2";
			};
			name = Release;
		};
		EEB90F282B9F6AE500EF0C58 /* Debug */ = {
			isa = XCBuildConfiguration;
			buildSettings = {
				ALWAYS_EMBED_SWIFT_STANDARD_LIBRARIES = YES;
				BUNDLE_LOADER = "$(TEST_HOST)";
				CODE_SIGN_STYLE = Automatic;
				CURRENT_PROJECT_VERSION = 1;
				GENERATE_INFOPLIST_FILE = YES;
				IPHONEOS_DEPLOYMENT_TARGET = 17.2;
				MARKETING_VERSION = 1.0;
				PRODUCT_BUNDLE_IDENTIFIER = com.SchuylerWinn.programmaticViewTests;
				PRODUCT_NAME = "$(TARGET_NAME)";
				SWIFT_EMIT_LOC_STRINGS = NO;
				SWIFT_VERSION = 5.0;
				TARGETED_DEVICE_FAMILY = "1,2";
				TEST_HOST = "$(BUILT_PRODUCTS_DIR)/programmaticView.app/$(BUNDLE_EXECUTABLE_FOLDER_PATH)/programmaticView";
			};
			name = Debug;
		};
		EEB90F292B9F6AE500EF0C58 /* Release */ = {
			isa = XCBuildConfiguration;
			buildSettings = {
				ALWAYS_EMBED_SWIFT_STANDARD_LIBRARIES = YES;
				BUNDLE_LOADER = "$(TEST_HOST)";
				CODE_SIGN_STYLE = Automatic;
				CURRENT_PROJECT_VERSION = 1;
				GENERATE_INFOPLIST_FILE = YES;
				IPHONEOS_DEPLOYMENT_TARGET = 17.2;
				MARKETING_VERSION = 1.0;
				PRODUCT_BUNDLE_IDENTIFIER = com.SchuylerWinn.programmaticViewTests;
				PRODUCT_NAME = "$(TARGET_NAME)";
				SWIFT_EMIT_LOC_STRINGS = NO;
				SWIFT_VERSION = 5.0;
				TARGETED_DEVICE_FAMILY = "1,2";
				TEST_HOST = "$(BUILT_PRODUCTS_DIR)/programmaticView.app/$(BUNDLE_EXECUTABLE_FOLDER_PATH)/programmaticView";
			};
			name = Release;
		};
		EEB90F2B2B9F6AE500EF0C58 /* Debug */ = {
			isa = XCBuildConfiguration;
			buildSettings = {
				ALWAYS_EMBED_SWIFT_STANDARD_LIBRARIES = YES;
				CODE_SIGN_STYLE = Automatic;
				CURRENT_PROJECT_VERSION = 1;
				GENERATE_INFOPLIST_FILE = YES;
				MARKETING_VERSION = 1.0;
				PRODUCT_BUNDLE_IDENTIFIER = com.SchuylerWinn.programmaticViewUITests;
				PRODUCT_NAME = "$(TARGET_NAME)";
				SWIFT_EMIT_LOC_STRINGS = NO;
				SWIFT_VERSION = 5.0;
				TARGETED_DEVICE_FAMILY = "1,2";
				TEST_TARGET_NAME = programmaticView;
			};
			name = Debug;
		};
		EEB90F2C2B9F6AE500EF0C58 /* Release */ = {
			isa = XCBuildConfiguration;
			buildSettings = {
				ALWAYS_EMBED_SWIFT_STANDARD_LIBRARIES = YES;
				CODE_SIGN_STYLE = Automatic;
				CURRENT_PROJECT_VERSION = 1;
				GENERATE_INFOPLIST_FILE = YES;
				MARKETING_VERSION = 1.0;
				PRODUCT_BUNDLE_IDENTIFIER = com.SchuylerWinn.programmaticViewUITests;
				PRODUCT_NAME = "$(TARGET_NAME)";
				SWIFT_EMIT_LOC_STRINGS = NO;
				SWIFT_VERSION = 5.0;
				TARGETED_DEVICE_FAMILY = "1,2";
				TEST_TARGET_NAME = programmaticView;
			};
			name = Release;
		};
/* End XCBuildConfiguration section */

/* Begin XCConfigurationList section */
		EEB90EFB2B9F6AE400EF0C58 /* Build configuration list for PBXProject "programmaticView" */ = {
			isa = XCConfigurationList;
			buildConfigurations = (
				EEB90F222B9F6AE500EF0C58 /* Debug */,
				EEB90F232B9F6AE500EF0C58 /* Release */,
			);
			defaultConfigurationIsVisible = 0;
			defaultConfigurationName = Release;
		};
		EEB90F242B9F6AE500EF0C58 /* Build configuration list for PBXNativeTarget "programmaticView" */ = {
			isa = XCConfigurationList;
			buildConfigurations = (
				EEB90F252B9F6AE500EF0C58 /* Debug */,
				EEB90F262B9F6AE500EF0C58 /* Release */,
			);
			defaultConfigurationIsVisible = 0;
			defaultConfigurationName = Release;
		};
		EEB90F272B9F6AE500EF0C58 /* Build configuration list for PBXNativeTarget "programmaticViewTests" */ = {
			isa = XCConfigurationList;
			buildConfigurations = (
				EEB90F282B9F6AE500EF0C58 /* Debug */,
				EEB90F292B9F6AE500EF0C58 /* Release */,
			);
			defaultConfigurationIsVisible = 0;
			defaultConfigurationName = Release;
		};
		EEB90F2A2B9F6AE500EF0C58 /* Build configuration list for PBXNativeTarget "programmaticViewUITests" */ = {
			isa = XCConfigurationList;
			buildConfigurations = (
				EEB90F2B2B9F6AE500EF0C58 /* Debug */,
				EEB90F2C2B9F6AE500EF0C58 /* Release */,
			);
			defaultConfigurationIsVisible = 0;
			defaultConfigurationName = Release;
		};
/* End XCConfigurationList section */
	};
	rootObject = EEB90EF82B9F6AE400EF0C58 /* Project object */;
}
